
Microsoft Visual Studio Solution File, Format Version 12.00
# Visual Studio Version 17
VisualStudioVersion = 17.11.35208.52
MinimumVisualStudioVersion = 10.0.40219.1
Project("{8BC9CEB8-8B4A-11D0-8D11-00A0C91BC942}") = "8.22", "8.22\8.22.vcxproj", "{477BC7B5-3A81-4FF2-8CA9-76FC15905DFD}"
EndProject
Global
	GlobalSection(SolutionConfigurationPlatforms) = preSolution
		Debug|x64 = Debug|x64
		Debug|x86 = Debug|x86
		Release|x64 = Release|x64
		Release|x86 = Release|x86
	EndGlobalSection
	GlobalSection(ProjectConfigurationPlatforms) = postSolution
		{477BC7B5-3A81-4FF2-8CA9-76FC15905DFD}.Debug|x64.ActiveCfg = Debug|x64
		{477BC7B5-3A81-4FF2-8CA9-76FC15905DFD}.Debug|x64.Build.0 = Debug|x64
		{477BC7B5-3A81-4FF2-8CA9-76FC15905DFD}.Debug|x86.ActiveCfg = Debug|Win32
		{477BC7B5-3A81-4FF2-8CA9-76FC15905DFD}.Debug|x86.Build.0 = Debug|Win32
		{477BC7B5-3A81-4FF2-8CA9-76FC15905DFD}.Release|x64.ActiveCfg = Release|x64
		{477BC7B5-3A81-4FF2-8CA9-76FC15905DFD}.Release|x64.Build.0 = Release|x64
		{477BC7B5-3A81-4FF2-8CA9-76FC15905DFD}.Release|x86.ActiveCfg = Release|Win32
		{477BC7B5-3A81-4FF2-8CA9-76FC15905DFD}.Release|x86.Build.0 = Release|Win32
	EndGlobalSection
	GlobalSection(SolutionProperties) = preSolution
		HideSolutionNode = FALSE
	EndGlobalSection
	GlobalSection(ExtensibilityGlobals) = postSolution
		SolutionGuid = {C0D5B191-1F8E-4D30-8D7E-A6DE02DFC2E7}
	EndGlobalSection
EndGlobal
