
Microsoft Visual Studio Solution File, Format Version 12.00
# Visual Studio Version 17
VisualStudioVersion = 17.11.35208.52
MinimumVisualStudioVersion = 10.0.40219.1
Project("{8BC9CEB8-8B4A-11D0-8D11-00A0C91BC942}") = "Project2", "Project2\Project2.vcxproj", "{6A81C4E1-6F53-4377-908A-D5D8E1921C7C}"
EndProject
Global
	GlobalSection(SolutionConfigurationPlatforms) = preSolution
		Debug|x64 = Debug|x64
		Debug|x86 = Debug|x86
		Release|x64 = Release|x64
		Release|x86 = Release|x86
	EndGlobalSection
	GlobalSection(ProjectConfigurationPlatforms) = postSolution
		{6A81C4E1-6F53-4377-908A-D5D8E1921C7C}.Debug|x64.ActiveCfg = Debug|x64
		{6A81C4E1-6F53-4377-908A-D5D8E1921C7C}.Debug|x64.Build.0 = Debug|x64
		{6A81C4E1-6F53-4377-908A-D5D8E1921C7C}.Debug|x86.ActiveCfg = Debug|Win32
		{6A81C4E1-6F53-4377-908A-D5D8E1921C7C}.Debug|x86.Build.0 = Debug|Win32
		{6A81C4E1-6F53-4377-908A-D5D8E1921C7C}.Release|x64.ActiveCfg = Release|x64
		{6A81C4E1-6F53-4377-908A-D5D8E1921C7C}.Release|x64.Build.0 = Release|x64
		{6A81C4E1-6F53-4377-908A-D5D8E1921C7C}.Release|x86.ActiveCfg = Release|Win32
		{6A81C4E1-6F53-4377-908A-D5D8E1921C7C}.Release|x86.Build.0 = Release|Win32
	EndGlobalSection
	GlobalSection(SolutionProperties) = preSolution
		HideSolutionNode = FALSE
	EndGlobalSection
	GlobalSection(ExtensibilityGlobals) = postSolution
		SolutionGuid = {FD635DAD-E32F-4B9E-94A0-86647ACB6976}
	EndGlobalSection
EndGlobal
